
Microsoft Visual Studio Solution File, Format Version 12.00
Project("{FAE04EC0-301F-11D3-BF4B-00C04F79EFBC}") = "Prototype.WebApi", "src\Prototype.WebApi\Prototype.WebApi.csproj", "{0CFF84F6-44BF-4BB0-8BF2-43671322D764}"
EndProject
Project("{FAE04EC0-301F-11D3-BF4B-00C04F79EFBC}") = "Prototype.WebApi.Test", "test\Prototype.WebApi.Test\Prototype.WebApi.Test.csproj", "{6060898C-69B0-4703-B518-E27074ADF7D0}"
EndProject
Global
	GlobalSection(SolutionConfigurationPlatforms) = preSolution
		Debug|Any CPU = Debug|Any CPU
		Release|Any CPU = Release|Any CPU
	EndGlobalSection
	GlobalSection(ProjectConfigurationPlatforms) = postSolution
		{0CFF84F6-44BF-4BB0-8BF2-43671322D764}.Debug|Any CPU.ActiveCfg = Debug|Any CPU
		{0CFF84F6-44BF-4BB0-8BF2-43671322D764}.Debug|Any CPU.Build.0 = Debug|Any CPU
		{0CFF84F6-44BF-4BB0-8BF2-43671322D764}.Release|Any CPU.ActiveCfg = Release|Any CPU
		{0CFF84F6-44BF-4BB0-8BF2-43671322D764}.Release|Any CPU.Build.0 = Release|Any CPU
		{6060898C-69B0-4703-B518-E27074ADF7D0}.Debug|Any CPU.ActiveCfg = Debug|Any CPU
		{6060898C-69B0-4703-B518-E27074ADF7D0}.Debug|Any CPU.Build.0 = Debug|Any CPU
		{6060898C-69B0-4703-B518-E27074ADF7D0}.Release|Any CPU.ActiveCfg = Release|Any CPU
		{6060898C-69B0-4703-B518-E27074ADF7D0}.Release|Any CPU.Build.0 = Release|Any CPU
	EndGlobalSection
EndGlobal
